
Microsoft Visual Studio Solution File, Format Version 12.00
# Visual Studio Version 17
VisualStudioVersion = 17.14.36915.13 d17.14
MinimumVisualStudioVersion = 10.0.40219.1
Project("{FAE04EC0-301F-11D3-BF4B-00C04F79EFBC}") = "VentasDiarias", "VentasDiarias.csproj", "{ABC23510-B519-429E-8142-035473F94F65}"
EndProject
Global
	GlobalSection(SolutionConfigurationPlatforms) = preSolution
		Debug|Any CPU = Debug|Any CPU
		Release|Any CPU = Release|Any CPU
	EndGlobalSection
	GlobalSection(ProjectConfigurationPlatforms) = postSolution
		{ABC23510-B519-429E-8142-035473F94F65}.Debug|Any CPU.ActiveCfg = Debug|Any CPU
		{ABC23510-B519-429E-8142-035473F94F65}.Debug|Any CPU.Build.0 = Debug|Any CPU
		{ABC23510-B519-429E-8142-035473F94F65}.Release|Any CPU.ActiveCfg = Release|Any CPU
		{ABC23510-B519-429E-8142-035473F94F65}.Release|Any CPU.Build.0 = Release|Any CPU
	EndGlobalSection
	GlobalSection(SolutionProperties) = preSolution
		HideSolutionNode = FALSE
	EndGlobalSection
	GlobalSection(ExtensibilityGlobals) = postSolution
		SolutionGuid = {5B5F33DD-7E27-4E33-9F6A-04E54A5C1241}
	EndGlobalSection
EndGlobal
